Microsoft Visual Studio Solution File, Format Version 8.00
Project("{FAE04EC0-301F-11D3-BF4B-00C04F79EFBC}") = "DesktopSearch1", "DesktopSearch1.csproj", "{8DBE400B-32C3-432D-A18D-7DF1547C382E}"
	ProjectSection(ProjectDependencies) = postProject
	EndProjectSection
EndProject
Global
	GlobalSection(SolutionConfiguration) = preSolution
		Debug = Debug
		Release = Release
	EndGlobalSection
	GlobalSection(ProjectConfiguration) = postSolution
		{8DBE400B-32C3-432D-A18D-7DF1547C382E}.Debug.ActiveCfg = Debug|.NET
		{8DBE400B-32C3-432D-A18D-7DF1547C382E}.Debug.Build.0 = Debug|.NET
		{8DBE400B-32C3-432D-A18D-7DF1547C382E}.Release.ActiveCfg = Release|.NET
		{8DBE400B-32C3-432D-A18D-7DF1547C382E}.Release.Build.0 = Release|.NET
	EndGlobalSection
	GlobalSection(ExtensibilityGlobals) = postSolution
	EndGlobalSection
	GlobalSection(ExtensibilityAddIns) = postSolution
	EndGlobalSection
EndGlobal
